
Microsoft Visual Studio Solution File, Format Version 12.00
# Visual Studio Version 17
VisualStudioVersion = 17.14.36408.4
MinimumVisualStudioVersion = 10.0.40219.1
Project("{FAE04EC0-301F-11D3-BF4B-00C04F79EFBC}") = "GymManagmentPL", "GymManagmentPL\GymManagmentPL.csproj", "{B6D6287F-3DFE-4E26-B589-6924E7D89A4B}"
EndProject
Project("{FAE04EC0-301F-11D3-BF4B-00C04F79EFBC}") = "GymManagmentBLL", "GymManagmentBLL\GymManagmentBLL.csproj", "{481C7D9C-C334-4486-9453-ADE81969DB50}"
EndProject
Project("{FAE04EC0-301F-11D3-BF4B-00C04F79EFBC}") = "GymManagmentDAL", "GymManagmentDAL\GymManagmentDAL.csproj", "{683CBB40-B094-4214-8451-8453D3354805}"
EndProject
Global
	GlobalSection(SolutionConfigurationPlatforms) = preSolution
		Debug|Any CPU = Debug|Any CPU
		Release|Any CPU = Release|Any CPU
	EndGlobalSection
	GlobalSection(ProjectConfigurationPlatforms) = postSolution
		{B6D6287F-3DFE-4E26-B589-6924E7D89A4B}.Debug|Any CPU.ActiveCfg = Debug|Any CPU
		{B6D6287F-3DFE-4E26-B589-6924E7D89A4B}.Debug|Any CPU.Build.0 = Debug|Any CPU
		{B6D6287F-3DFE-4E26-B589-6924E7D89A4B}.Release|Any CPU.ActiveCfg = Release|Any CPU
		{B6D6287F-3DFE-4E26-B589-6924E7D89A4B}.Release|Any CPU.Build.0 = Release|Any CPU
		{481C7D9C-C334-4486-9453-ADE81969DB50}.Debug|Any CPU.ActiveCfg = Debug|Any CPU
		{481C7D9C-C334-4486-9453-ADE81969DB50}.Debug|Any CPU.Build.0 = Debug|Any CPU
		{481C7D9C-C334-4486-9453-ADE81969DB50}.Release|Any CPU.ActiveCfg = Release|Any CPU
		{481C7D9C-C334-4486-9453-ADE81969DB50}.Release|Any CPU.Build.0 = Release|Any CPU
		{683CBB40-B094-4214-8451-8453D3354805}.Debug|Any CPU.ActiveCfg = Debug|Any CPU
		{683CBB40-B094-4214-8451-8453D3354805}.Debug|Any CPU.Build.0 = Debug|Any CPU
		{683CBB40-B094-4214-8451-8453D3354805}.Release|Any CPU.ActiveCfg = Release|Any CPU
		{683CBB40-B094-4214-8451-8453D3354805}.Release|Any CPU.Build.0 = Release|Any CPU
	EndGlobalSection
	GlobalSection(SolutionProperties) = preSolution
		HideSolutionNode = FALSE
	EndGlobalSection
	GlobalSection(ExtensibilityGlobals) = postSolution
		SolutionGuid = {31AD1E55-5C89-4717-BEB0-0AE0A69D2AB6}
	EndGlobalSection
EndGlobal
